
Microsoft Visual Studio Solution File, Format Version 12.00
# Visual Studio Version 16
VisualStudioVersion = 16.0.31613.86
MinimumVisualStudioVersion = 10.0.40219.1
Project("{FAE04EC0-301F-11D3-BF4B-00C04F79EFBC}") = "TaskManager", "TaskManager\TaskManager.csproj", "{ECA71891-B181-4205-A835-9716FD684D88}"
EndProject
Project("{FAE04EC0-301F-11D3-BF4B-00C04F79EFBC}") = "Library.TaskManager", "Library.TaskManager\Library.TaskManager.csproj", "{C4A44F42-4CD2-4F9B-B2BF-16D6AA2BC192}"
EndProject
Global
	GlobalSection(SolutionConfigurationPlatforms) = preSolution
		Debug|Any CPU = Debug|Any CPU
		Release|Any CPU = Release|Any CPU
	EndGlobalSection
	GlobalSection(ProjectConfigurationPlatforms) = postSolution
		{ECA71891-B181-4205-A835-9716FD684D88}.Debug|Any CPU.ActiveCfg = Debug|Any CPU
		{ECA71891-B181-4205-A835-9716FD684D88}.Debug|Any CPU.Build.0 = Debug|Any CPU
		{ECA71891-B181-4205-A835-9716FD684D88}.Release|Any CPU.ActiveCfg = Release|Any CPU
		{ECA71891-B181-4205-A835-9716FD684D88}.Release|Any CPU.Build.0 = Release|Any CPU
		{C4A44F42-4CD2-4F9B-B2BF-16D6AA2BC192}.Debug|Any CPU.ActiveCfg = Debug|Any CPU
		{C4A44F42-4CD2-4F9B-B2BF-16D6AA2BC192}.Debug|Any CPU.Build.0 = Debug|Any CPU
		{C4A44F42-4CD2-4F9B-B2BF-16D6AA2BC192}.Release|Any CPU.ActiveCfg = Release|Any CPU
		{C4A44F42-4CD2-4F9B-B2BF-16D6AA2BC192}.Release|Any CPU.Build.0 = Release|Any CPU
	EndGlobalSection
	GlobalSection(SolutionProperties) = preSolution
		HideSolutionNode = FALSE
	EndGlobalSection
	GlobalSection(ExtensibilityGlobals) = postSolution
		SolutionGuid = {408F855C-BCA8-4F96-9BB4-0592AE7C02FF}
	EndGlobalSection
EndGlobal
